lockfileVersion: '6.0'

settings:
  autoInstallPeers: true
  excludeLinksFromLockfile: false

dependencies:
  '@defer/client':
    specifier: ^2.0.0
    version: 2.0.0

packages:

  /@defer/client@2.0.0:
    resolution: {integrity: sha512-zp4k8p6wH7olXyoede4wK9aaI/znLEXgpBvc+NeDzqOQAEI2ILOMSAR0KrZtiNuEaEUtQkLxdI8IQpHtRekmLw==}
    engines: {node: '>=18'}
    dependencies:
      parse-duration: 1.1.0
    dev: false

  /parse-duration@1.1.0:
    resolution: {integrity: sha512-z6t9dvSJYaPoQq7quMzdEagSFtpGu+utzHqqxmpVWNNZRIXnvqyCvn9XsTdh7c/w0Bqmdz3RB3YnRaKtpRtEXQ==}
    dev: false
